Microsoft Visual Studio Solution File, Format Version 12.00
# Visual Studio Version 17
VisualStudioVersion = 17.0.31903.59
MinimumVisualStudioVersion = 10.0.40219.1
Project("{FAE04EC0-301F-11D3-BF4B-00C04F79EFBC}") = "contaminaDOS", "contaminaDOS\contaminaDOS.csproj", "{498E9420-710E-4CCF-BCD5-803FB6DC58F1}"
EndProject
Project("{2150E333-8FDC-42A3-9474-1A3956D46DE8}") = "contaminaDOS", "contaminaDOS", "{34A9A690-D285-4CCD-9CB2-C5FFC9B569A4}"
EndProject
Project("{FAE04EC0-301F-11D3-BF4B-00C04F79EFBC}") = "Core", "Core\Core.csproj", "{6D8C06ED-6895-423D-A7A2-7EFBCCFC49E8}"
EndProject
Global
	GlobalSection(SolutionConfigurationPlatforms) = preSolution
		Debug|Any CPU = Debug|Any CPU
		Release|Any CPU = Release|Any CPU
	EndGlobalSection
	GlobalSection(ProjectConfigurationPlatforms) = postSolution
		{498E9420-710E-4CCF-BCD5-803FB6DC58F1}.Debug|Any CPU.ActiveCfg = Debug|Any CPU
		{498E9420-710E-4CCF-BCD5-803FB6DC58F1}.Debug|Any CPU.Build.0 = Debug|Any CPU
		{498E9420-710E-4CCF-BCD5-803FB6DC58F1}.Release|Any CPU.ActiveCfg = Release|Any CPU
		{498E9420-710E-4CCF-BCD5-803FB6DC58F1}.Release|Any CPU.Build.0 = Release|Any CPU
		{9802BE32-D4CB-49A4-B19E-12CD893ABA66}.Debug|Any CPU.ActiveCfg = Debug|Any CPU
		{9802BE32-D4CB-49A4-B19E-12CD893ABA66}.Debug|Any CPU.Build.0 = Debug|Any CPU
		{9802BE32-D4CB-49A4-B19E-12CD893ABA66}.Release|Any CPU.ActiveCfg = Release|Any CPU
		{9802BE32-D4CB-49A4-B19E-12CD893ABA66}.Release|Any CPU.Build.0 = Release|Any CPU
		{6D8C06ED-6895-423D-A7A2-7EFBCCFC49E8}.Debug|Any CPU.ActiveCfg = Debug|Any CPU
		{6D8C06ED-6895-423D-A7A2-7EFBCCFC49E8}.Debug|Any CPU.Build.0 = Debug|Any CPU
		{6D8C06ED-6895-423D-A7A2-7EFBCCFC49E8}.Release|Any CPU.ActiveCfg = Release|Any CPU
		{6D8C06ED-6895-423D-A7A2-7EFBCCFC49E8}.Release|Any CPU.Build.0 = Release|Any CPU
	EndGlobalSection
	GlobalSection(SolutionProperties) = preSolution
		HideSolutionNode = FALSE
	EndGlobalSection
	GlobalSection(NestedProjects) = preSolution
		{498E9420-710E-4CCF-BCD5-803FB6DC58F1} = {34A9A690-D285-4CCD-9CB2-C5FFC9B569A4}
	EndGlobalSection
EndGlobal