
Microsoft Visual Studio Solution File, Format Version 12.00
# Visual Studio Version 17
VisualStudioVersion = 17.5.002.0
MinimumVisualStudioVersion = 10.0.40219.1
Project("{9A19103F-16F7-4668-BE54-9A1E7A4F7556}") = "contaminaDOS", "contaminaDOS.csproj", "{74EF3319-E1B4-4474-AF9D-E1A99346B811}"
EndProject
Project("{FAE04EC0-301F-11D3-BF4B-00C04F79EFBC}") = "Core", "..\Core\Core.csproj", "{AB4266D9-9A43-458F-9149-81F7316C3258}"
EndProject
Global
	GlobalSection(SolutionConfigurationPlatforms) = preSolution
		Debug|Any CPU = Debug|Any CPU
		Release|Any CPU = Release|Any CPU
	EndGlobalSection
	GlobalSection(ProjectConfigurationPlatforms) = postSolution
		{74EF3319-E1B4-4474-AF9D-E1A99346B811}.Debug|Any CPU.ActiveCfg = Debug|Any CPU
		{74EF3319-E1B4-4474-AF9D-E1A99346B811}.Debug|Any CPU.Build.0 = Debug|Any CPU
		{74EF3319-E1B4-4474-AF9D-E1A99346B811}.Release|Any CPU.ActiveCfg = Release|Any CPU
		{74EF3319-E1B4-4474-AF9D-E1A99346B811}.Release|Any CPU.Build.0 = Release|Any CPU
		{AB4266D9-9A43-458F-9149-81F7316C3258}.Debug|Any CPU.ActiveCfg = Debug|Any CPU
		{AB4266D9-9A43-458F-9149-81F7316C3258}.Debug|Any CPU.Build.0 = Debug|Any CPU
		{AB4266D9-9A43-458F-9149-81F7316C3258}.Release|Any CPU.ActiveCfg = Release|Any CPU
		{AB4266D9-9A43-458F-9149-81F7316C3258}.Release|Any CPU.Build.0 = Release|Any CPU
	EndGlobalSection
	GlobalSection(SolutionProperties) = preSolution
		HideSolutionNode = FALSE
	EndGlobalSection
	GlobalSection(ExtensibilityGlobals) = postSolution
		SolutionGuid = {6A8B071F-043A-49E7-A38E-FEE531FD718D}
	EndGlobalSection
EndGlobal
